
Microsoft Visual Studio Solution File, Format Version 12.00
# Visual Studio Version 16
VisualStudioVersion = 16.0.32428.217
MinimumVisualStudioVersion = 10.0.40219.1
Project("{FAE04EC0-301F-11D3-BF4B-00C04F79EFBC}") = "WebApplicationUsingCoreApi", "WebApplicationUsingCoreApi\WebApplicationUsingCoreApi.csproj", "{560D9578-9F83-49D9-8D44-82EAD096A63B}"
EndProject
Global
	GlobalSection(SolutionConfigurationPlatforms) = preSolution
		Debug|Any CPU = Debug|Any CPU
		Release|Any CPU = Release|Any CPU
	EndGlobalSection
	GlobalSection(ProjectConfigurationPlatforms) = postSolution
		{560D9578-9F83-49D9-8D44-82EAD096A63B}.Debug|Any CPU.ActiveCfg = Debug|Any CPU
		{560D9578-9F83-49D9-8D44-82EAD096A63B}.Debug|Any CPU.Build.0 = Debug|Any CPU
		{560D9578-9F83-49D9-8D44-82EAD096A63B}.Release|Any CPU.ActiveCfg = Release|Any CPU
		{560D9578-9F83-49D9-8D44-82EAD096A63B}.Release|Any CPU.Build.0 = Release|Any CPU
	EndGlobalSection
	GlobalSection(SolutionProperties) = preSolution
		HideSolutionNode = FALSE
	EndGlobalSection
	GlobalSection(ExtensibilityGlobals) = postSolution
		SolutionGuid = {3195BA76-FEF6-4E23-8ADE-50688BD763CF}
	EndGlobalSection
EndGlobal
